{
  "originHash" : "3204c4bd6143710e7802a7f9893e5331339f82181445a65812e252f3beae62a7",
  "pins" : [
    {
      "identity" : "capacitor-swift-pm",
      "kind" : "remoteSourceControl",
      "location" : "https://github.com/ionic-team/capacitor-swift-pm.git",
      "state" : {
        "revision" : "0b6882e9a3288342aacf36348e5a94e4f1dd7b13",
        "version" : "8.5.2"
      }
    },
    {
      "identity" : "protocol-ios",
      "kind" : "remoteSourceControl",
      "location" : "https://github.com/hotcodepush-team/protocol-ios.git",
      "state" : {
        "revision" : "b4917341a05db9f145a766591c1ecef73d439ca5"
      }
    }
  ],
  "version" : 3
}
